// !$*UTF8*$!
{
	archiveVersion = 1;
	classes = {
	};
	objectVersion = 46;
	objects = {

/* Begin PBXBuildFile section */
		CA3C1D191B2851E70061D1C4 /* CoreData.framework in Frameworks */ = {isa = PBXBuildFile; fileRef = CA3C1D181B2851E70061D1C4 /* CoreData.framework */; };
		CA64C6D51B10EE15003F4D78 /* AppDelegate.swift in Sources */ = {isa = PBXBuildFile; fileRef = CA64C6D41B10EE15003F4D78 /* AppDelegate.swift */; };
		CA64C6D71B10EE15003F4D78 /* ViewController.swift in Sources */ = {isa = PBXBuildFile; fileRef = CA64C6D61B10EE15003F4D78 /* ViewController.swift */; };
		CA64C6DC1B10EE15003F4D78 /* Images.xcassets in Resources */ = {isa = PBXBuildFile; fileRef = CA64C6DB1B10EE15003F4D78 /* Images.xcassets */; };
		CA64C6EB1B10EE15003F4D78 /* SMUSTests.swift in Sources */ = {isa = PBXBuildFile; fileRef = CA64C6EA1B10EE15003F4D78 /* SMUSTests.swift */; };
		CA64C6F51B10EF75003F4D78 /* TimeTabTiewController.swift in Sources */ = {isa = PBXBuildFile; fileRef = CA64C6F41B10EF75003F4D78 /* TimeTabTiewController.swift */; };
		CA64C6F71B10EFB5003F4D78 /* SystemConfiguration.framework in Frameworks */ = {isa = PBXBuildFile; fileRef = CA64C6F61B10EFB5003F4D78 /* SystemConfiguration.framework */; };
		CA64C6FB1B10EFBD003F4D78 /* MessageUI.framework in Frameworks */ = {isa = PBXBuildFile; fileRef = CA64C6FA1B10EFBD003F4D78 /* MessageUI.framework */; };
		CA64C6FD1B10EFC1003F4D78 /* EventKit.framework in Frameworks */ = {isa = PBXBuildFile; fileRef = CA64C6FC1B10EFC1003F4D78 /* EventKit.framework */; };
		CA64C6FF1B10EFC8003F4D78 /* CoreTelephony.framework in Frameworks */ = {isa = PBXBuildFile; fileRef = CA64C6FE1B10EFC8003F4D78 /* CoreTelephony.framework */; };
		CA64C7011B10EFCE003F4D78 /* AVFoundation.framework in Frameworks */ = {isa = PBXBuildFile; fileRef = CA64C7001B10EFCE003F4D78 /* AVFoundation.framework */; };
		CA64C7031B10EFD3003F4D78 /* CoreGraphics.framework in Frameworks */ = {isa = PBXBuildFile; fileRef = CA64C7021B10EFD3003F4D78 /* CoreGraphics.framework */; };
		CA64C7051B10EFD7003F4D78 /* AudioToolbox.framework in Frameworks */ = {isa = PBXBuildFile; fileRef = CA64C7041B10EFD7003F4D78 /* AudioToolbox.framework */; };
		CA64C7071B10EFDB003F4D78 /* AdSupport.framework in Frameworks */ = {isa = PBXBuildFile; fileRef = CA64C7061B10EFDB003F4D78 /* AdSupport.framework */; };
		CA64C7091B10EFE9003F4D78 /* GoogleMobileAds.framework in Frameworks */ = {isa = PBXBuildFile; fileRef = CA64C7081B10EFE9003F4D78 /* GoogleMobileAds.framework */; };
		CA64C70B1B10F160003F4D78 /* NormalViewController.swift in Sources */ = {isa = PBXBuildFile; fileRef = CA64C70A1B10F160003F4D78 /* NormalViewController.swift */; };
		CA64C7111B10FFA7003F4D78 /* CaStation.xib in Resources */ = {isa = PBXBuildFile; fileRef = CA64C7101B10FFA7003F4D78 /* CaStation.xib */; };
		CA64C7131B10FFE1003F4D78 /* CaStationViewCell.swift in Sources */ = {isa = PBXBuildFile; fileRef = CA64C7121B10FFE1003F4D78 /* CaStationViewCell.swift */; };
		CA6A2E241B16D0B80094BA09 /* TimeData.swift in Sources */ = {isa = PBXBuildFile; fileRef = CA6A2E231B16D0B70094BA09 /* TimeData.swift */; };
		CA95FE541B1866B800147574 /* cheonNormal.json in Resources */ = {isa = PBXBuildFile; fileRef = CA95FE531B1866B800147574 /* cheonNormal.json */; };
		CA95FE9E1B188AB900147574 /* LaunchScreen.xib in Resources */ = {isa = PBXBuildFile; fileRef = CA95FE9C1B188AB900147574 /* LaunchScreen.xib */; };
		CA95FE9F1B188AB900147574 /* Main.storyboard in Resources */ = {isa = PBXBuildFile; fileRef = CA95FE9D1B188AB900147574 /* Main.storyboard */; };
		CA95FEA61B189F4200147574 /* onyang.json in Resources */ = {isa = PBXBuildFile; fileRef = CA95FEA51B189F4200147574 /* onyang.json */; };
		CA95FEA81B189FE900147574 /* OyStation.xib in Resources */ = {isa = PBXBuildFile; fileRef = CA95FEA71B189FE900147574 /* OyStation.xib */; };
		CA95FEAA1B18A05A00147574 /* OyStationViewCell.swift in Sources */ = {isa = PBXBuildFile; fileRef = CA95FEA91B18A05A00147574 /* OyStationViewCell.swift */; };
		CA95FEAD1B18B93500147574 /* cheonWeekend.json in Resources */ = {isa = PBXBuildFile; fileRef = CA95FEAB1B18B93500147574 /* cheonWeekend.json */; };
		CA95FEAE1B18B93500147574 /* cheonSat.json in Resources */ = {isa = PBXBuildFile; fileRef = CA95FEAC1B18B93500147574 /* cheonSat.json */; };
		CA95FEB01B18B95200147574 /* SatViewController.swift in Sources */ = {isa = PBXBuildFile; fileRef = CA95FEAF1B18B95200147574 /* SatViewController.swift */; };
		CA95FEB21B18BF5F00147574 /* WeekendViewController.swift in Sources */ = {isa = PBXBuildFile; fileRef = CA95FEB11B18BF5F00147574 /* WeekendViewController.swift */; };
		CA95FEBA1B196C1800147574 /* CaTerminal.xib in Resources */ = {isa = PBXBuildFile; fileRef = CA95FEB91B196C1800147574 /* CaTerminal.xib */; };
		CA95FEBC1B196C2B00147574 /* CaTerminalViewCell.swift in Sources */ = {isa = PBXBuildFile; fileRef = CA95FEBB1B196C2B00147574 /* CaTerminalViewCell.swift */; };
		CA95FEC61B196D8700147574 /* terminalSat.json in Resources */ = {isa = PBXBuildFile; fileRef = CA95FEC31B196D8700147574 /* terminalSat.json */; };
		CA95FEC71B196D8700147574 /* terminalWeekend.json in Resources */ = {isa = PBXBuildFile; fileRef = CA95FEC41B196D8700147574 /* terminalWeekend.json */; };
		CA95FEC81B196D8700147574 /* terminalNormal.json in Resources */ = {isa = PBXBuildFile; fileRef = CA95FEC51B196D8700147574 /* terminalNormal.json */; };
		CAB358151B28899A00A2D319 /* AVKit.framework in Frameworks */ = {isa = PBXBuildFile; fileRef = CAB358141B28899A00A2D319 /* AVKit.framework */; };
		CAB358171B2889A500A2D319 /* UIKit.framework in Frameworks */ = {isa = PBXBuildFile; fileRef = CAB358161B2889A500A2D319 /* UIKit.framework */; };
/* End PBXBuildFile section */

/* Begin PBXContainerItemProxy section */
		CA3C1D0E1B284F0B0061D1C4 /* PBXContainerItemProxy */ = {
			isa = PBXContainerItemProxy;
			containerPortal = CA3C1D071B284F0A0061D1C4 /* SwiftyJSON.xcodeproj */;
			proxyType = 2;
			remoteGlobalIDString = 2E4FEFDB19575BE100351305;
			remoteInfo = "SwiftyJSON iOS";
		};
		CA3C1D101B284F0B0061D1C4 /* PBXContainerItemProxy */ = {
			isa = PBXContainerItemProxy;
			containerPortal = CA3C1D071B284F0A0061D1C4 /* SwiftyJSON.xcodeproj */;
			proxyType = 2;
			remoteGlobalIDString = 2E4FEFE619575BE100351305;
			remoteInfo = "SwiftyJSON iOS Tests";
		};
		CA3C1D121B284F0B0061D1C4 /* PBXContainerItemProxy */ = {
			isa = PBXContainerItemProxy;
			containerPortal = CA3C1D071B284F0A0061D1C4 /* SwiftyJSON.xcodeproj */;
			proxyType = 2;
			remoteGlobalIDString = 9C7DFC5B1A9102BD005AA3F7;
			remoteInfo = "SwiftyJSON OSX";
		};
		CA3C1D141B284F0B0061D1C4 /* PBXContainerItemProxy */ = {
			isa = PBXContainerItemProxy;
			containerPortal = CA3C1D071B284F0A0061D1C4 /* SwiftyJSON.xcodeproj */;
			proxyType = 2;
			remoteGlobalIDString = 9C7DFC651A9102BD005AA3F7;
			remoteInfo = "SwiftyJSON OSX Tests";
		};
		CA3C1D161B284F140061D1C4 /* PBXContainerItemProxy */ = {
			isa = PBXContainerItemProxy;
			containerPortal = CA3C1D071B284F0A0061D1C4 /* SwiftyJSON.xcodeproj */;
			proxyType = 1;
			remoteGlobalIDString = 2E4FEFDA19575BE100351305;
			remoteInfo = "SwiftyJSON iOS";
		};
		CA64C6E51B10EE15003F4D78 /* PBXContainerItemProxy */ = {
			isa = PBXContainerItemProxy;
			containerPortal = CA64C6C71B10EE15003F4D78 /* Project object */;
			proxyType = 1;
			remoteGlobalIDString = CA64C6CE1B10EE15003F4D78;
			remoteInfo = SMUS;
		};
/* End PBXContainerItemProxy section */

/* Begin PBXFileReference section */
		CA3C1D071B284F0A0061D1C4 /* SwiftyJSON.xcodeproj */ = {isa = PBXFileReference; lastKnownFileType = "wrapper.pb-project"; name = SwiftyJSON.xcodeproj; path = ../../SwiftyJSON/SwiftyJSON.xcodeproj; sourceTree = "<group>"; };
		CA3C1D181B2851E70061D1C4 /* CoreData.framework */ = {isa = PBXFileReference; lastKnownFileType = wrapper.framework; name = CoreData.framework; path = System/Library/Frameworks/CoreData.framework; sourceTree = SDKROOT; };
		CA64C6CF1B10EE15003F4D78 /* 선문셔틀.app */ = {isa = PBXFileReference; explicitFileType = wrapper.application; includeInIndex = 0; path = "선문셔틀.app"; sourceTree = BUILT_PRODUCTS_DIR; };
		CA64C6D31B10EE15003F4D78 /* Info.plist */ = {isa = PBXFileReference; lastKnownFileType = text.plist.xml; path = Info.plist; sourceTree = "<group>"; };
		CA64C6D41B10EE15003F4D78 /* AppDelegate.swift */ = {isa = PBXFileReference; lastKnownFileType = sourcecode.swift; path = AppDelegate.swift; sourceTree = "<group>"; };
		CA64C6D61B10EE15003F4D78 /* ViewController.swift */ = {isa = PBXFileReference; lastKnownFileType = sourcecode.swift; path = ViewController.swift; sourceTree = "<group>"; };
		CA64C6DB1B10EE15003F4D78 /* Images.xcassets */ = {isa = PBXFileReference; lastKnownFileType = folder.assetcatalog; path = Images.xcassets; sourceTree = "<group>"; };
		CA64C6E41B10EE15003F4D78 /* SMUSTests.xctest */ = {isa = PBXFileReference; explicitFileType = wrapper.cfbundle; includeInIndex = 0; path = SMUSTests.xctest; sourceTree = BUILT_PRODUCTS_DIR; };
		CA64C6E91B10EE15003F4D78 /* Info.plist */ = {isa = PBXFileReference; lastKnownFileType = text.plist.xml; path = Info.plist; sourceTree = "<group>"; };
		CA64C6EA1B10EE15003F4D78 /* SMUSTests.swift */ = {isa = PBXFileReference; lastKnownFileType = sourcecode.swift; path = SMUSTests.swift; sourceTree = "<group>"; };
		CA64C6F41B10EF75003F4D78 /* TimeTabTiewController.swift */ = {isa = PBXFileReference; fileEncoding = 4; lastKnownFileType = sourcecode.swift; path = TimeTabTiewController.swift; sourceTree = "<group>"; };
		CA64C6F61B10EFB5003F4D78 /* SystemConfiguration.framework */ = {isa = PBXFileReference; lastKnownFileType = wrapper.framework; name = SystemConfiguration.framework; path = System/Library/Frameworks/SystemConfiguration.framework; sourceTree = SDKROOT; };
		CA64C6FA1B10EFBD003F4D78 /* MessageUI.framework */ = {isa = PBXFileReference; lastKnownFileType = wrapper.framework; name = MessageUI.framework; path = System/Library/Frameworks/MessageUI.framework; sourceTree = SDKROOT; };
		CA64C6FC1B10EFC1003F4D78 /* EventKit.framework */ = {isa = PBXFileReference; lastKnownFileType = wrapper.framework; name = EventKit.framework; path = System/Library/Frameworks/EventKit.framework; sourceTree = SDKROOT; };
		CA64C6FE1B10EFC8003F4D78 /* CoreTelephony.framework */ = {isa = PBXFileReference; lastKnownFileType = wrapper.framework; name = CoreTelephony.framework; path = System/Library/Frameworks/CoreTelephony.framework; sourceTree = SDKROOT; };
		CA64C7001B10EFCE003F4D78 /* AVFoundation.framework */ = {isa = PBXFileReference; lastKnownFileType = wrapper.framework; name = AVFoundation.framework; path = System/Library/Frameworks/AVFoundation.framework; sourceTree = SDKROOT; };
		CA64C7021B10EFD3003F4D78 /* CoreGraphics.framework */ = {isa = PBXFileReference; lastKnownFileType = wrapper.framework; name = CoreGraphics.framework; path = System/Library/Frameworks/CoreGraphics.framework; sourceTree = SDKROOT; };
		CA64C7041B10EFD7003F4D78 /* AudioToolbox.framework */ = {isa = PBXFileReference; lastKnownFileType = wrapper.framework; name = AudioToolbox.framework; path = System/Library/Frameworks/AudioToolbox.framework; sourceTree = SDKROOT; };
		CA64C7061B10EFDB003F4D78 /* AdSupport.framework */ = {isa = PBXFileReference; lastKnownFileType = wrapper.framework; name = AdSupport.framework; path = System/Library/Frameworks/AdSupport.framework; sourceTree = SDKROOT; };
		CA64C7081B10EFE9003F4D78 /* GoogleMobileAds.framework */ = {isa = PBXFileReference; lastKnownFileType = wrapper.framework; name = GoogleMobileAds.framework; path = "SDKs/GoogleMobileAdsSdkiOS-7.2.2/GoogleMobileAds.framework"; sourceTree = "<group>"; };
		CA64C70A1B10F160003F4D78 /* NormalViewController.swift */ = {isa = PBXFileReference; fileEncoding = 4; lastKnownFileType = sourcecode.swift; path = NormalViewController.swift; sourceTree = "<group>"; };
		CA64C7101B10FFA7003F4D78 /* CaStation.xib */ = {isa = PBXFileReference; fileEncoding = 4; lastKnownFileType = file.xib; path = CaStation.xib; sourceTree = "<group>"; };
		CA64C7121B10FFE1003F4D78 /* CaStationViewCell.swift */ = {isa = PBXFileReference; fileEncoding = 4; lastKnownFileType = sourcecode.swift; path = CaStationViewCell.swift; sourceTree = "<group>"; };
		CA6A2E231B16D0B70094BA09 /* TimeData.swift */ = {isa = PBXFileReference; fileEncoding = 4; lastKnownFileType = sourcecode.swift; path = TimeData.swift; sourceTree = "<group>"; };
		CA95FE531B1866B800147574 /* cheonNormal.json */ = {isa = PBXFileReference; fileEncoding = 4; lastKnownFileType = text.json; path = cheonNormal.json; sourceTree = "<group>"; };
		CA95FE9C1B188AB900147574 /* LaunchScreen.xib */ = {isa = PBXFileReference; fileEncoding = 4; lastKnownFileType = file.xib; path = LaunchScreen.xib; sourceTree = "<group>"; };
		CA95FE9D1B188AB900147574 /* Main.storyboard */ = {isa = PBXFileReference; fileEncoding = 4; lastKnownFileType = file.storyboard; path = Main.storyboard; sourceTree = "<group>"; };
		CA95FEA01B188AE300147574 /* SwiftyJSON.swift */ = {isa = PBXFileReference; fileEncoding = 4; lastKnownFileType = sourcecode.swift; path = SwiftyJSON.swift; sourceTree = "<group>"; };
		CA95FEA51B189F4200147574 /* onyang.json */ = {isa = PBXFileReference; fileEncoding = 4; lastKnownFileType = text.json; path = onyang.json; sourceTree = "<group>"; };
		CA95FEA71B189FE900147574 /* OyStation.xib */ = {isa = PBXFileReference; fileEncoding = 4; lastKnownFileType = file.xib; path = OyStation.xib; sourceTree = "<group>"; };
		CA95FEA91B18A05A00147574 /* OyStationViewCell.swift */ = {isa = PBXFileReference; fileEncoding = 4; lastKnownFileType = sourcecode.swift; path = OyStationViewCell.swift; sourceTree = "<group>"; };
		CA95FEAB1B18B93500147574 /* cheonWeekend.json */ = {isa = PBXFileReference; fileEncoding = 4; lastKnownFileType = text.json; path = cheonWeekend.json; sourceTree = "<group>"; };
		CA95FEAC1B18B93500147574 /* cheonSat.json */ = {isa = PBXFileReference; fileEncoding = 4; lastKnownFileType = text.json; path = cheonSat.json; sourceTree = "<group>"; };
		CA95FEAF1B18B95200147574 /* SatViewController.swift */ = {isa = PBXFileReference; fileEncoding = 4; lastKnownFileType = sourcecode.swift; path = SatViewController.swift; sourceTree = "<group>"; };
		CA95FEB11B18BF5F00147574 /* WeekendViewController.swift */ = {isa = PBXFileReference; fileEncoding = 4; lastKnownFileType = sourcecode.swift; path = WeekendViewController.swift; sourceTree = "<group>"; };
		CA95FEB91B196C1800147574 /* CaTerminal.xib */ = {isa = PBXFileReference; fileEncoding = 4; lastKnownFileType = file.xib; path = CaTerminal.xib; sourceTree = "<group>"; };
		CA95FEBB1B196C2B00147574 /* CaTerminalViewCell.swift */ = {isa = PBXFileReference; fileEncoding = 4; lastKnownFileType = sourcecode.swift; path = CaTerminalViewCell.swift; sourceTree = "<group>"; };
		CA95FEC31B196D8700147574 /* terminalSat.json */ = {isa = PBXFileReference; fileEncoding = 4; lastKnownFileType = text.json; path = terminalSat.json; sourceTree = "<group>"; };
		CA95FEC41B196D8700147574 /* terminalWeekend.json */ = {isa = PBXFileReference; fileEncoding = 4; lastKnownFileType = text.json; path = terminalWeekend.json; sourceTree = "<group>"; };
		CA95FEC51B196D8700147574 /* terminalNormal.json */ = {isa = PBXFileReference; fileEncoding = 4; lastKnownFileType = text.json; path = terminalNormal.json; sourceTree = "<group>"; };
		CAB358141B28899A00A2D319 /* AVKit.framework */ = {isa = PBXFileReference; lastKnownFileType = wrapper.framework; name = AVKit.framework; path = System/Library/Frameworks/AVKit.framework; sourceTree = SDKROOT; };
		CAB358161B2889A500A2D319 /* UIKit.framework */ = {isa = PBXFileReference; lastKnownFileType = wrapper.framework; name = UIKit.framework; path = System/Library/Frameworks/UIKit.framework; sourceTree = SDKROOT; };
/* End PBXFileReference section */

/* Begin PBXFrameworksBuildPhase section */
		CA64C6CC1B10EE15003F4D78 /* Frameworks */ = {
			isa = PBXFrameworksBuildPhase;
			buildActionMask = 2147483647;
			files = (
				CAB358171B2889A500A2D319 /* UIKit.framework in Frameworks */,
				CAB358151B28899A00A2D319 /* AVKit.framework in Frameworks */,
				CA3C1D191B2851E70061D1C4 /* CoreData.framework in Frameworks */,
				CA64C7071B10EFDB003F4D78 /* AdSupport.framework in Frameworks */,
				CA64C7051B10EFD7003F4D78 /* AudioToolbox.framework in Frameworks */,
				CA64C7091B10EFE9003F4D78 /* GoogleMobileAds.framework in Frameworks */,
				CA64C7031B10EFD3003F4D78 /* CoreGraphics.framework in Frameworks */,
				CA64C7011B10EFCE003F4D78 /* AVFoundation.framework in Frameworks */,
				CA64C6FF1B10EFC8003F4D78 /* CoreTelephony.framework in Frameworks */,
				CA64C6FD1B10EFC1003F4D78 /* EventKit.framework in Frameworks */,
				CA64C6FB1B10EFBD003F4D78 /* MessageUI.framework in Frameworks */,
				CA64C6F71B10EFB5003F4D78 /* SystemConfiguration.framework in Frameworks */,
			);
			runOnlyForDeploymentPostprocessing = 0;
		};
		CA64C6E11B10EE15003F4D78 /* Frameworks */ = {
			isa = PBXFrameworksBuildPhase;
			buildActionMask = 2147483647;
			files = (
			);
			runOnlyForDeploymentPostprocessing = 0;
		};
/* End PBXFrameworksBuildPhase section */

/* Begin PBXGroup section */
		CA3C1D081B284F0A0061D1C4 /* Products */ = {
			isa = PBXGroup;
			children = (
				CA3C1D0F1B284F0B0061D1C4 /* SwiftyJSON.framework */,
				CA3C1D111B284F0B0061D1C4 /* SwiftyJSON iOS Tests.xctest */,
				CA3C1D131B284F0B0061D1C4 /* SwiftyJSON.framework */,
				CA3C1D151B284F0B0061D1C4 /* SwiftyJSON OSX Tests.xctest */,
			);
			name = Products;
			sourceTree = "<group>";
		};
		CA64C6C61B10EE15003F4D78 = {
			isa = PBXGroup;
			children = (
				CAB358161B2889A500A2D319 /* UIKit.framework */,
				CAB358141B28899A00A2D319 /* AVKit.framework */,
				CA3C1D181B2851E70061D1C4 /* CoreData.framework */,
				CA64C7081B10EFE9003F4D78 /* GoogleMobileAds.framework */,
				CA64C7061B10EFDB003F4D78 /* AdSupport.framework */,
				CA64C7041B10EFD7003F4D78 /* AudioToolbox.framework */,
				CA64C7021B10EFD3003F4D78 /* CoreGraphics.framework */,
				CA64C7001B10EFCE003F4D78 /* AVFoundation.framework */,
				CA64C6FE1B10EFC8003F4D78 /* CoreTelephony.framework */,
				CA64C6FC1B10EFC1003F4D78 /* EventKit.framework */,
				CA64C6FA1B10EFBD003F4D78 /* MessageUI.framework */,
				CA64C6F61B10EFB5003F4D78 /* SystemConfiguration.framework */,
				CA64C6D11B10EE15003F4D78 /* SMUS */,
				CA64C6E71B10EE15003F4D78 /* SMUSTests */,
				CA64C6D01B10EE15003F4D78 /* Products */,
			);
			sourceTree = "<group>";
		};
		CA64C6D01B10EE15003F4D78 /* Products */ = {
			isa = PBXGroup;
			children = (
				CA64C6CF1B10EE15003F4D78 /* 선문셔틀.app */,
				CA64C6E41B10EE15003F4D78 /* SMUSTests.xctest */,
			);
			name = Products;
			sourceTree = "<group>";
		};
		CA64C6D11B10EE15003F4D78 /* SMUS */ = {
			isa = PBXGroup;
			children = (
				CA3C1D071B284F0A0061D1C4 /* SwiftyJSON.xcodeproj */,
				CA95FEB81B196A3000147574 /* CellView */,
				CA95FEB71B196A1D00147574 /* TimeData */,
				CA64C6D41B10EE15003F4D78 /* AppDelegate.swift */,
				CA95FEA01B188AE300147574 /* SwiftyJSON.swift */,
				CA64C6D61B10EE15003F4D78 /* ViewController.swift */,
				CA64C6DB1B10EE15003F4D78 /* Images.xcassets */,
				CA95FE9C1B188AB900147574 /* LaunchScreen.xib */,
				CA95FE9D1B188AB900147574 /* Main.storyboard */,
				CA64C6D21B10EE15003F4D78 /* Supporting Files */,
				CA64C6F41B10EF75003F4D78 /* TimeTabTiewController.swift */,
				CA64C70A1B10F160003F4D78 /* NormalViewController.swift */,
				CA95FEAF1B18B95200147574 /* SatViewController.swift */,
				CA95FEB11B18BF5F00147574 /* WeekendViewController.swift */,
				CA6A2E231B16D0B70094BA09 /* TimeData.swift */,
			);
			path = SMUS;
			sourceTree = "<group>";
		};
		CA64C6D21B10EE15003F4D78 /* Supporting Files */ = {
			isa = PBXGroup;
			children = (
				CA64C6D31B10EE15003F4D78 /* Info.plist */,
			);
			name = "Supporting Files";
			sourceTree = "<group>";
		};
		CA64C6E71B10EE15003F4D78 /* SMUSTests */ = {
			isa = PBXGroup;
			children = (
				CA64C6EA1B10EE15003F4D78 /* SMUSTests.swift */,
				CA64C6E81B10EE15003F4D78 /* Supporting Files */,
			);
			path = SMUSTests;
			sourceTree = "<group>";
		};
		CA64C6E81B10EE15003F4D78 /* Supporting Files */ = {
			isa = PBXGroup;
			children = (
				CA64C6E91B10EE15003F4D78 /* Info.plist */,
			);
			name = "Supporting Files";
			sourceTree = "<group>";
		};
		CA95FEB71B196A1D00147574 /* TimeData */ = {
			isa = PBXGroup;
			children = (
				CA95FE531B1866B800147574 /* cheonNormal.json */,
				CA95FEAC1B18B93500147574 /* cheonSat.json */,
				CA95FEAB1B18B93500147574 /* cheonWeekend.json */,
				CA95FEC51B196D8700147574 /* terminalNormal.json */,
				CA95FEC31B196D8700147574 /* terminalSat.json */,
				CA95FEC41B196D8700147574 /* terminalWeekend.json */,
				CA95FEA51B189F4200147574 /* onyang.json */,
			);
			name = TimeData;
			sourceTree = "<group>";
		};
		CA95FEB81B196A3000147574 /* CellView */ = {
			isa = PBXGroup;
			children = (
				CA64C7101B10FFA7003F4D78 /* CaStation.xib */,
				CA64C7121B10FFE1003F4D78 /* CaStationViewCell.swift */,
				CA95FEA71B189FE900147574 /* OyStation.xib */,
				CA95FEA91B18A05A00147574 /* OyStationViewCell.swift */,
				CA95FEB91B196C1800147574 /* CaTerminal.xib */,
				CA95FEBB1B196C2B00147574 /* CaTerminalViewCell.swift */,
			);
			name = CellView;
			sourceTree = "<group>";
		};
/* End PBXGroup section */

/* Begin PBXNativeTarget section */
		CA64C6CE1B10EE15003F4D78 /* SMUS */ = {
			isa = PBXNativeTarget;
			buildConfigurationList = CA64C6EE1B10EE15003F4D78 /* Build configuration list for PBXNativeTarget "SMUS" */;
			buildPhases = (
				CA64C6CB1B10EE15003F4D78 /* Sources */,
				CA64C6CC1B10EE15003F4D78 /* Frameworks */,
				CA64C6CD1B10EE15003F4D78 /* Resources */,
			);
			buildRules = (
			);
			dependencies = (
				CA3C1D171B284F140061D1C4 /* PBXTargetDependency */,
			);
			name = SMUS;
			productName = SMUS;
			productReference = CA64C6CF1B10EE15003F4D78 /* 선문셔틀.app */;
			productType = "com.apple.product-type.application";
		};
		CA64C6E31B10EE15003F4D78 /* SMUSTests */ = {
			isa = PBXNativeTarget;
			buildConfigurationList = CA64C6F11B10EE15003F4D78 /* Build configuration list for PBXNativeTarget "SMUSTests" */;
			buildPhases = (
				CA64C6E01B10EE15003F4D78 /* Sources */,
				CA64C6E11B10EE15003F4D78 /* Frameworks */,
				CA64C6E21B10EE15003F4D78 /* Resources */,
			);
			buildRules = (
			);
			dependencies = (
				CA64C6E61B10EE15003F4D78 /* PBXTargetDependency */,
			);
			name = SMUSTests;
			productName = SMUSTests;
			productReference = CA64C6E41B10EE15003F4D78 /* SMUSTests.xctest */;
			productType = "com.apple.product-type.bundle.unit-test";
		};
/* End PBXNativeTarget section */

/* Begin PBXProject section */
		CA64C6C71B10EE15003F4D78 /* Project object */ = {
			isa = PBXProject;
			attributes = {
				LastSwiftUpdateCheck = 0700;
				LastUpgradeCheck = 0630;
				ORGANIZATIONNAME = BeehiveStudio;
				TargetAttributes = {
					CA64C6CE1B10EE15003F4D78 = {
						CreatedOnToolsVersion = 6.3.2;
						DevelopmentTeam = PAM7TGY2L5;
						SystemCapabilities = {
							com.apple.InAppPurchase = {
								enabled = 0;
							};
						};
					};
					CA64C6E31B10EE15003F4D78 = {
						CreatedOnToolsVersion = 6.3.2;
						TestTargetID = CA64C6CE1B10EE15003F4D78;
					};
				};
			};
			buildConfigurationList = CA64C6CA1B10EE15003F4D78 /* Build configuration list for PBXProject "SMUS" */;
			compatibilityVersion = "Xcode 3.2";
			developmentRegion = English;
			hasScannedForEncodings = 0;
			knownRegions = (
				en,
			);
			mainGroup = CA64C6C61B10EE15003F4D78;
			productRefGroup = CA64C6D01B10EE15003F4D78 /* Products */;
			projectDirPath = "";
			projectReferences = (
				{
					ProductGroup = CA3C1D081B284F0A0061D1C4 /* Products */;
					ProjectRef = CA3C1D071B284F0A0061D1C4 /* SwiftyJSON.xcodeproj */;
				},
			);
			projectRoot = "";
			targets = (
				CA64C6CE1B10EE15003F4D78 /* SMUS */,
				CA64C6E31B10EE15003F4D78 /* SMUSTests */,
			);
		};
/* End PBXProject section */

/* Begin PBXReferenceProxy section */
		CA3C1D0F1B284F0B0061D1C4 /* SwiftyJSON.framework */ = {
			isa = PBXReferenceProxy;
			fileType = wrapper.framework;
			path = SwiftyJSON.framework;
			remoteRef = CA3C1D0E1B284F0B0061D1C4 /* PBXContainerItemProxy */;
			sourceTree = BUILT_PRODUCTS_DIR;
		};
		CA3C1D111B284F0B0061D1C4 /* SwiftyJSON iOS Tests.xctest */ = {
			isa = PBXReferenceProxy;
			fileType = wrapper.cfbundle;
			path = "SwiftyJSON iOS Tests.xctest";
			remoteRef = CA3C1D101B284F0B0061D1C4 /* PBXContainerItemProxy */;
			sourceTree = BUILT_PRODUCTS_DIR;
		};
		CA3C1D131B284F0B0061D1C4 /* SwiftyJSON.framework */ = {
			isa = PBXReferenceProxy;
			fileType = wrapper.framework;
			path = SwiftyJSON.framework;
			remoteRef = CA3C1D121B284F0B0061D1C4 /* PBXContainerItemProxy */;
			sourceTree = BUILT_PRODUCTS_DIR;
		};
		CA3C1D151B284F0B0061D1C4 /* SwiftyJSON OSX Tests.xctest */ = {
			isa = PBXReferenceProxy;
			fileType = wrapper.cfbundle;
			path = "SwiftyJSON OSX Tests.xctest";
			remoteRef = CA3C1D141B284F0B0061D1C4 /* PBXContainerItemProxy */;
			sourceTree = BUILT_PRODUCTS_DIR;
		};
/* End PBXReferenceProxy section */

/* Begin PBXResourcesBuildPhase section */
		CA64C6CD1B10EE15003F4D78 /* Resources */ = {
			isa = PBXResourcesBuildPhase;
			buildActionMask = 2147483647;
			files = (
				CA95FE9F1B188AB900147574 /* Main.storyboard in Resources */,
				CA95FEC61B196D8700147574 /* terminalSat.json in Resources */,
				CA95FEAD1B18B93500147574 /* cheonWeekend.json in Resources */,
				CA64C7111B10FFA7003F4D78 /* CaStation.xib in Resources */,
				CA64C6DC1B10EE15003F4D78 /* Images.xcassets in Resources */,
				CA95FEA61B189F4200147574 /* onyang.json in Resources */,
				CA95FEBA1B196C1800147574 /* CaTerminal.xib in Resources */,
				CA95FEC71B196D8700147574 /* terminalWeekend.json in Resources */,
				CA95FEA81B189FE900147574 /* OyStation.xib in Resources */,
				CA95FEC81B196D8700147574 /* terminalNormal.json in Resources */,
				CA95FE9E1B188AB900147574 /* LaunchScreen.xib in Resources */,
				CA95FE541B1866B800147574 /* cheonNormal.json in Resources */,
				CA95FEAE1B18B93500147574 /* cheonSat.json in Resources */,
			);
			runOnlyForDeploymentPostprocessing = 0;
		};
		CA64C6E21B10EE15003F4D78 /* Resources */ = {
			isa = PBXResourcesBuildPhase;
			buildActionMask = 2147483647;
			files = (
			);
			runOnlyForDeploymentPostprocessing = 0;
		};
/* End PBXResourcesBuildPhase section */

/* Begin PBXSourcesBuildPhase section */
		CA64C6CB1B10EE15003F4D78 /* Sources */ = {
			isa = PBXSourcesBuildPhase;
			buildActionMask = 2147483647;
			files = (
				CA64C6F51B10EF75003F4D78 /* TimeTabTiewController.swift in Sources */,
				CA64C70B1B10F160003F4D78 /* NormalViewController.swift in Sources */,
				CA64C6D71B10EE15003F4D78 /* ViewController.swift in Sources */,
				CA64C7131B10FFE1003F4D78 /* CaStationViewCell.swift in Sources */,
				CA95FEBC1B196C2B00147574 /* CaTerminalViewCell.swift in Sources */,
				CA95FEB01B18B95200147574 /* SatViewController.swift in Sources */,
				CA6A2E241B16D0B80094BA09 /* TimeData.swift in Sources */,
				CA64C6D51B10EE15003F4D78 /* AppDelegate.swift in Sources */,
				CA95FEB21B18BF5F00147574 /* WeekendViewController.swift in Sources */,
				CA95FEAA1B18A05A00147574 /* OyStationViewCell.swift in Sources */,
			);
			runOnlyForDeploymentPostprocessing = 0;
		};
		CA64C6E01B10EE15003F4D78 /* Sources */ = {
			isa = PBXSourcesBuildPhase;
			buildActionMask = 2147483647;
			files = (
				CA64C6EB1B10EE15003F4D78 /* SMUSTests.swift in Sources */,
			);
			runOnlyForDeploymentPostprocessing = 0;
		};
/* End PBXSourcesBuildPhase section */

/* Begin PBXTargetDependency section */
		CA3C1D171B284F140061D1C4 /* PBXTargetDependency */ = {
			isa = PBXTargetDependency;
			name = "SwiftyJSON iOS";
			targetProxy = CA3C1D161B284F140061D1C4 /* PBXContainerItemProxy */;
		};
		CA64C6E61B10EE15003F4D78 /* PBXTargetDependency */ = {
			isa = PBXTargetDependency;
			target = CA64C6CE1B10EE15003F4D78 /* SMUS */;
			targetProxy = CA64C6E51B10EE15003F4D78 /* PBXContainerItemProxy */;
		};
/* End PBXTargetDependency section */

/* Begin XCBuildConfiguration section */
		CA64C6EC1B10EE15003F4D78 /* Debug */ = {
			isa = XCBuildConfiguration;
			buildSettings = {
				ALWAYS_SEARCH_USER_PATHS = NO;
				CLANG_CXX_LANGUAGE_STANDARD = "gnu++0x";
				CLANG_CXX_LIBRARY = "libc++";
				CLANG_ENABLE_MODULES = YES;
				CLANG_ENABLE_OBJC_ARC = YES;
				CLANG_WARN_BOOL_CONVERSION = YES;
				CLANG_WARN_CONSTANT_CONVERSION = YES;
				CLANG_WARN_DIRECT_OBJC_ISA_USAGE = YES_ERROR;
				CLANG_WARN_EMPTY_BODY = YES;
				CLANG_WARN_ENUM_CONVERSION = YES;
				CLANG_WARN_INT_CONVERSION = YES;
				CLANG_WARN_OBJC_ROOT_CLASS = YES_ERROR;
				CLANG_WARN_UNREACHABLE_CODE = YES;
				CLANG_WARN__DUPLICATE_METHOD_MATCH = YES;
				"CODE_SIGN_IDENTITY[sdk=iphoneos*]" = "iPhone Developer";
				COPY_PHASE_STRIP = NO;
				DEBUG_INFORMATION_FORMAT = "dwarf-with-dsym";
				ENABLE_STRICT_OBJC_MSGSEND = YES;
				GCC_C_LANGUAGE_STANDARD = gnu99;
				GCC_DYNAMIC_NO_PIC = NO;
				GCC_NO_COMMON_BLOCKS = YES;
				GCC_OPTIMIZATION_LEVEL = 0;
				GCC_PREPROCESSOR_DEFINITIONS = (
					"DEBUG=1",
					"$(inherited)",
				);
				GCC_SYMBOLS_PRIVATE_EXTERN = NO;
				GCC_WARN_64_TO_32_BIT_CONVERSION = YES;
				GCC_WARN_ABOUT_RETURN_TYPE = YES_ERROR;
				GCC_WARN_UNDECLARED_SELECTOR = YES;
				GCC_WARN_UNINITIALIZED_AUTOS = YES_AGGRESSIVE;
				GCC_WARN_UNUSED_FUNCTION = YES;
				GCC_WARN_UNUSED_VARIABLE = YES;
				IPHONEOS_DEPLOYMENT_TARGET = 8.3;
				MTL_ENABLE_DEBUG_INFO = YES;
				ONLY_ACTIVE_ARCH = YES;
				SDKROOT = iphoneos;
				SWIFT_OPTIMIZATION_LEVEL = "-Onone";
				VALID_ARCHS = "arm64 armv7 armv7s";
			};
			name = Debug;
		};
		CA64C6ED1B10EE15003F4D78 /* Release */ = {
			isa = XCBuildConfiguration;
			buildSettings = {
				ALWAYS_SEARCH_USER_PATHS = NO;
				CLANG_CXX_LANGUAGE_STANDARD = "gnu++0x";
				CLANG_CXX_LIBRARY = "libc++";
				CLANG_ENABLE_MODULES = YES;
				CLANG_ENABLE_OBJC_ARC = YES;
				CLANG_WARN_BOOL_CONVERSION = YES;
				CLANG_WARN_CONSTANT_CONVERSION = YES;
				CLANG_WARN_DIRECT_OBJC_ISA_USAGE = YES_ERROR;
				CLANG_WARN_EMPTY_BODY = YES;
				CLANG_WARN_ENUM_CONVERSION = YES;
				CLANG_WARN_INT_CONVERSION = YES;
				CLANG_WARN_OBJC_ROOT_CLASS = YES_ERROR;
				CLANG_WARN_UNREACHABLE_CODE = YES;
				CLANG_WARN__DUPLICATE_METHOD_MATCH = YES;
				"CODE_SIGN_IDENTITY[sdk=iphoneos*]" = "iPhone Developer";
				COPY_PHASE_STRIP = NO;
				DEBUG_INFORMATION_FORMAT = "dwarf-with-dsym";
				ENABLE_NS_ASSERTIONS = NO;
				ENABLE_STRICT_OBJC_MSGSEND = YES;
				GCC_C_LANGUAGE_STANDARD = gnu99;
				GCC_NO_COMMON_BLOCKS = YES;
				GCC_WARN_64_TO_32_BIT_CONVERSION = YES;
				GCC_WARN_ABOUT_RETURN_TYPE = YES_ERROR;
				GCC_WARN_UNDECLARED_SELECTOR = YES;
				GCC_WARN_UNINITIALIZED_AUTOS = YES_AGGRESSIVE;
				GCC_WARN_UNUSED_FUNCTION = YES;
				GCC_WARN_UNUSED_VARIABLE = YES;
				IPHONEOS_DEPLOYMENT_TARGET = 8.3;
				MTL_ENABLE_DEBUG_INFO = NO;
				SDKROOT = iphoneos;
				VALIDATE_PRODUCT = YES;
				VALID_ARCHS = "arm64 armv7 armv7s";
			};
			name = Release;
		};
		CA64C6EF1B10EE15003F4D78 /* Debug */ = {
			isa = XCBuildConfiguration;
			buildSettings = {
				ARCHS = "$(ARCHS_STANDARD)";
				ASSETCATALOG_COMPILER_APPICON_NAME = AppIcon;
				ASSETCATALOG_COMPILER_LAUNCHIMAGE_NAME = LaunchImage;
				CODE_SIGN_IDENTITY = "iPhone Developer";
				"CODE_SIGN_IDENTITY[sdk=iphoneos*]" = "iPhone Developer";
				FRAMEWORK_SEARCH_PATHS = (
					"$(inherited)",
					"$(PROJECT_DIR)/SDKs/GoogleMobileAdsSdkiOS-7.2.2",
				);
				INFOPLIST_FILE = SMUS/Info.plist;
				IPHONEOS_DEPLOYMENT_TARGET = 8.3;
				LD_RUNPATH_SEARCH_PATHS = "$(inherited) @executable_path/Frameworks";
				PRODUCT_NAME = "선문셔틀";
				PROVISIONING_PROFILE = "";
				VALID_ARCHS = "arm64 armv7 armv7s";
			};
			name = Debug;
		};
		CA64C6F01B10EE15003F4D78 /* Release */ = {
			isa = XCBuildConfiguration;
			buildSettings = {
				ARCHS = "$(ARCHS_STANDARD)";
				ASSETCATALOG_COMPILER_APPICON_NAME = AppIcon;
				ASSETCATALOG_COMPILER_LAUNCHIMAGE_NAME = LaunchImage;
				CODE_SIGN_IDENTITY = "iPhone Developer";
				"CODE_SIGN_IDENTITY[sdk=iphoneos*]" = "iPhone Developer";
				FRAMEWORK_SEARCH_PATHS = (
					"$(inherited)",
					"$(PROJECT_DIR)/SDKs/GoogleMobileAdsSdkiOS-7.2.2",
				);
				INFOPLIST_FILE = SMUS/Info.plist;
				IPHONEOS_DEPLOYMENT_TARGET = 8.3;
				LD_RUNPATH_SEARCH_PATHS = "$(inherited) @executable_path/Frameworks";
				PRODUCT_NAME = "선문셔틀";
				PROVISIONING_PROFILE = "";
				VALID_ARCHS = "arm64 armv7 armv7s";
			};
			name = Release;
		};
		CA64C6F21B10EE15003F4D78 /* Debug */ = {
			isa = XCBuildConfiguration;
			buildSettings = {
				BUNDLE_LOADER = "$(TEST_HOST)";
				FRAMEWORK_SEARCH_PATHS = (
					"$(SDKROOT)/Developer/Library/Frameworks",
					"$(inherited)",
				);
				GCC_PREPROCESSOR_DEFINITIONS = (
					"DEBUG=1",
					"$(inherited)",
				);
				INFOPLIST_FILE = SMUSTests/Info.plist;
				LD_RUNPATH_SEARCH_PATHS = "$(inherited) @executable_path/Frameworks @loader_path/Frameworks";
				PRODUCT_NAME = "$(TARGET_NAME)";
				TEST_HOST = "$(BUILT_PRODUCTS_DIR)/SMUS.app/SMUS";
			};
			name = Debug;
		};
		CA64C6F31B10EE15003F4D78 /* Release */ = {
			isa = XCBuildConfiguration;
			buildSettings = {
				BUNDLE_LOADER = "$(TEST_HOST)";
				FRAMEWORK_SEARCH_PATHS = (
					"$(SDKROOT)/Developer/Library/Frameworks",
					"$(inherited)",
				);
				INFOPLIST_FILE = SMUSTests/Info.plist;
				LD_RUNPATH_SEARCH_PATHS = "$(inherited) @executable_path/Frameworks @loader_path/Frameworks";
				PRODUCT_NAME = "$(TARGET_NAME)";
				TEST_HOST = "$(BUILT_PRODUCTS_DIR)/SMUS.app/SMUS";
			};
			name = Release;
		};
/* End XCBuildConfiguration section */

/* Begin XCConfigurationList section */
		CA64C6CA1B10EE15003F4D78 /* Build configuration list for PBXProject "SMUS" */ = {
			isa = XCConfigurationList;
			buildConfigurations = (
				CA64C6EC1B10EE15003F4D78 /* Debug */,
				CA64C6ED1B10EE15003F4D78 /* Release */,
			);
			defaultConfigurationIsVisible = 0;
			defaultConfigurationName = Release;
		};
		CA64C6EE1B10EE15003F4D78 /* Build configuration list for PBXNativeTarget "SMUS" */ = {
			isa = XCConfigurationList;
			buildConfigurations = (
				CA64C6EF1B10EE15003F4D78 /* Debug */,
				CA64C6F01B10EE15003F4D78 /* Release */,
			);
			defaultConfigurationIsVisible = 0;
			defaultConfigurationName = Release;
		};
		CA64C6F11B10EE15003F4D78 /* Build configuration list for PBXNativeTarget "SMUSTests" */ = {
			isa = XCConfigurationList;
			buildConfigurations = (
				CA64C6F21B10EE15003F4D78 /* Debug */,
				CA64C6F31B10EE15003F4D78 /* Release */,
			);
			defaultConfigurationIsVisible = 0;
			defaultConfigurationName = Release;
		};
/* End XCConfigurationList section */
	};
	rootObject = CA64C6C71B10EE15003F4D78 /* Project object */;
}
